
Microsoft Visual Studio Solution File, Format Version 12.00
# Visual Studio Version 17
VisualStudioVersion = 17.2.32516.85
MinimumVisualStudioVersion = 10.0.40219.1
Project("{FAE04EC0-301F-11D3-BF4B-00C04F79EFBC}") = "iClock.Android", "iClock.Android\iClock.Android.csproj", "{AFAA1B33-AE45-49CA-A0F2-8BAD33B6F56F}"
EndProject
Project("{FAE04EC0-301F-11D3-BF4B-00C04F79EFBC}") = "iClock.iOS", "iClock.iOS\iClock.iOS.csproj", "{60320939-B442-42DA-A600-206D13CBF074}"
EndProject
Project("{9A19103F-16F7-4668-BE54-9A1E7A4F7556}") = "iClock", "iClock\iClock.csproj", "{4C828C05-B930-4682-B3A3-B9394778AA1A}"
EndProject
Project("{FAE04EC0-301F-11D3-BF4B-00C04F79EFBC}") = "iClock.Tests", "iClock.Tests\iClock.Tests.csproj", "{0DBD7CA5-A431-4F9E-A517-9DBB512F1033}"
EndProject
Project("{FAE04EC0-301F-11D3-BF4B-00C04F79EFBC}") = "iClock.Web", "iClock.Web\iClock.Web.csproj", "{E078A747-59E8-497B-BF05-0284E4CF0898}"
EndProject
Global
	GlobalSection(SolutionConfigurationPlatforms) = preSolution
		Debug|Any CPU = Debug|Any CPU
		Debug|iPhone = Debug|iPhone
		Debug|iPhoneSimulator = Debug|iPhoneSimulator
		Release|Any CPU = Release|Any CPU
		Release|iPhone = Release|iPhone
		Release|iPhoneSimulator = Release|iPhoneSimulator
	EndGlobalSection
	GlobalSection(ProjectConfigurationPlatforms) = postSolution
		{AFAA1B33-AE45-49CA-A0F2-8BAD33B6F56F}.Debug|Any CPU.ActiveCfg = Debug|Any CPU
		{AFAA1B33-AE45-49CA-A0F2-8BAD33B6F56F}.Debug|Any CPU.Build.0 = Debug|Any CPU
		{AFAA1B33-AE45-49CA-A0F2-8BAD33B6F56F}.Debug|Any CPU.Deploy.0 = Debug|Any CPU
		{AFAA1B33-AE45-49CA-A0F2-8BAD33B6F56F}.Debug|iPhone.ActiveCfg = Debug|Any CPU
		{AFAA1B33-AE45-49CA-A0F2-8BAD33B6F56F}.Debug|iPhone.Build.0 = Debug|Any CPU
		{AFAA1B33-AE45-49CA-A0F2-8BAD33B6F56F}.Debug|iPhone.Deploy.0 = Debug|Any CPU
		{AFAA1B33-AE45-49CA-A0F2-8BAD33B6F56F}.Debug|iPhoneSimulator.ActiveCfg = Debug|Any CPU
		{AFAA1B33-AE45-49CA-A0F2-8BAD33B6F56F}.Debug|iPhoneSimulator.Build.0 = Debug|Any CPU
		{AFAA1B33-AE45-49CA-A0F2-8BAD33B6F56F}.Debug|iPhoneSimulator.Deploy.0 = Debug|Any CPU
		{AFAA1B33-AE45-49CA-A0F2-8BAD33B6F56F}.Release|Any CPU.ActiveCfg = Release|Any CPU
		{AFAA1B33-AE45-49CA-A0F2-8BAD33B6F56F}.Release|Any CPU.Build.0 = Release|Any CPU
		{AFAA1B33-AE45-49CA-A0F2-8BAD33B6F56F}.Release|Any CPU.Deploy.0 = Release|Any CPU
		{AFAA1B33-AE45-49CA-A0F2-8BAD33B6F56F}.Release|iPhone.ActiveCfg = Release|Any CPU
		{AFAA1B33-AE45-49CA-A0F2-8BAD33B6F56F}.Release|iPhone.Build.0 = Release|Any CPU
		{AFAA1B33-AE45-49CA-A0F2-8BAD33B6F56F}.Release|iPhone.Deploy.0 = Release|Any CPU
		{AFAA1B33-AE45-49CA-A0F2-8BAD33B6F56F}.Release|iPhoneSimulator.ActiveCfg = Release|Any CPU
		{AFAA1B33-AE45-49CA-A0F2-8BAD33B6F56F}.Release|iPhoneSimulator.Build.0 = Release|Any CPU
		{AFAA1B33-AE45-49CA-A0F2-8BAD33B6F56F}.Release|iPhoneSimulator.Deploy.0 = Release|Any CPU
		{60320939-B442-42DA-A600-206D13CBF074}.Debug|Any CPU.ActiveCfg = Debug|iPhone
		{60320939-B442-42DA-A600-206D13CBF074}.Debug|Any CPU.Build.0 = Debug|iPhone
		{60320939-B442-42DA-A600-206D13CBF074}.Debug|Any CPU.Deploy.0 = Debug|iPhone
		{60320939-B442-42DA-A600-206D13CBF074}.Debug|iPhone.ActiveCfg = Debug|iPhone
		{60320939-B442-42DA-A600-206D13CBF074}.Debug|iPhone.Build.0 = Debug|iPhone
		{60320939-B442-42DA-A600-206D13CBF074}.Debug|iPhone.Deploy.0 = Debug|iPhone
		{60320939-B442-42DA-A600-206D13CBF074}.Debug|iPhoneSimulator.ActiveCfg = Debug|iPhoneSimulator
		{60320939-B442-42DA-A600-206D13CBF074}.Debug|iPhoneSimulator.Build.0 = Debug|iPhoneSimulator
		{60320939-B442-42DA-A600-206D13CBF074}.Debug|iPhoneSimulator.Deploy.0 = Debug|iPhoneSimulator
		{60320939-B442-42DA-A600-206D13CBF074}.Release|Any CPU.ActiveCfg = Release|iPhoneSimulator
		{60320939-B442-42DA-A600-206D13CBF074}.Release|Any CPU.Build.0 = Release|iPhoneSimulator
		{60320939-B442-42DA-A600-206D13CBF074}.Release|Any CPU.Deploy.0 = Release|iPhoneSimulator
		{60320939-B442-42DA-A600-206D13CBF074}.Release|iPhone.ActiveCfg = Release|iPhone
		{60320939-B442-42DA-A600-206D13CBF074}.Release|iPhone.Build.0 = Release|iPhone
		{60320939-B442-42DA-A600-206D13CBF074}.Release|iPhone.Deploy.0 = Release|iPhone
		{60320939-B442-42DA-A600-206D13CBF074}.Release|iPhoneSimulator.ActiveCfg = Release|iPhoneSimulator
		{60320939-B442-42DA-A600-206D13CBF074}.Release|iPhoneSimulator.Build.0 = Release|iPhoneSimulator
		{60320939-B442-42DA-A600-206D13CBF074}.Release|iPhoneSimulator.Deploy.0 = Release|iPhoneSimulator
		{4C828C05-B930-4682-B3A3-B9394778AA1A}.Debug|Any CPU.ActiveCfg = Debug|Any CPU
		{4C828C05-B930-4682-B3A3-B9394778AA1A}.Debug|Any CPU.Build.0 = Debug|Any CPU
		{4C828C05-B930-4682-B3A3-B9394778AA1A}.Debug|Any CPU.Deploy.0 = Debug|Any CPU
		{4C828C05-B930-4682-B3A3-B9394778AA1A}.Debug|iPhone.ActiveCfg = Debug|Any CPU
		{4C828C05-B930-4682-B3A3-B9394778AA1A}.Debug|iPhone.Build.0 = Debug|Any CPU
		{4C828C05-B930-4682-B3A3-B9394778AA1A}.Debug|iPhone.Deploy.0 = Debug|Any CPU
		{4C828C05-B930-4682-B3A3-B9394778AA1A}.Debug|iPhoneSimulator.ActiveCfg = Debug|Any CPU
		{4C828C05-B930-4682-B3A3-B9394778AA1A}.Debug|iPhoneSimulator.Build.0 = Debug|Any CPU
		{4C828C05-B930-4682-B3A3-B9394778AA1A}.Debug|iPhoneSimulator.Deploy.0 = Debug|Any CPU
		{4C828C05-B930-4682-B3A3-B9394778AA1A}.Release|Any CPU.ActiveCfg = Release|Any CPU
		{4C828C05-B930-4682-B3A3-B9394778AA1A}.Release|Any CPU.Build.0 = Release|Any CPU
		{4C828C05-B930-4682-B3A3-B9394778AA1A}.Release|Any CPU.Deploy.0 = Release|Any CPU
		{4C828C05-B930-4682-B3A3-B9394778AA1A}.Release|iPhone.ActiveCfg = Release|Any CPU
		{4C828C05-B930-4682-B3A3-B9394778AA1A}.Release|iPhone.Build.0 = Release|Any CPU
		{4C828C05-B930-4682-B3A3-B9394778AA1A}.Release|iPhone.Deploy.0 = Release|Any CPU
		{4C828C05-B930-4682-B3A3-B9394778AA1A}.Release|iPhoneSimulator.ActiveCfg = Release|Any CPU
		{4C828C05-B930-4682-B3A3-B9394778AA1A}.Release|iPhoneSimulator.Build.0 = Release|Any CPU
		{4C828C05-B930-4682-B3A3-B9394778AA1A}.Release|iPhoneSimulator.Deploy.0 = Release|Any CPU
		{0DBD7CA5-A431-4F9E-A517-9DBB512F1033}.Debug|Any CPU.ActiveCfg = Debug|Any CPU
		{0DBD7CA5-A431-4F9E-A517-9DBB512F1033}.Debug|Any CPU.Build.0 = Debug|Any CPU
		{0DBD7CA5-A431-4F9E-A517-9DBB512F1033}.Debug|iPhone.ActiveCfg = Debug|Any CPU
		{0DBD7CA5-A431-4F9E-A517-9DBB512F1033}.Debug|iPhone.Build.0 = Debug|Any CPU
		{0DBD7CA5-A431-4F9E-A517-9DBB512F1033}.Debug|iPhoneSimulator.ActiveCfg = Debug|Any CPU
		{0DBD7CA5-A431-4F9E-A517-9DBB512F1033}.Debug|iPhoneSimulator.Build.0 = Debug|Any CPU
		{0DBD7CA5-A431-4F9E-A517-9DBB512F1033}.Release|Any CPU.ActiveCfg = Release|Any CPU
		{0DBD7CA5-A431-4F9E-A517-9DBB512F1033}.Release|Any CPU.Build.0 = Release|Any CPU
		{0DBD7CA5-A431-4F9E-A517-9DBB512F1033}.Release|iPhone.ActiveCfg = Release|Any CPU
		{0DBD7CA5-A431-4F9E-A517-9DBB512F1033}.Release|iPhone.Build.0 = Release|Any CPU
		{0DBD7CA5-A431-4F9E-A517-9DBB512F1033}.Release|iPhoneSimulator.ActiveCfg = Release|Any CPU
		{0DBD7CA5-A431-4F9E-A517-9DBB512F1033}.Release|iPhoneSimulator.Build.0 = Release|Any CPU
		{E078A747-59E8-497B-BF05-0284E4CF0898}.Debug|Any CPU.ActiveCfg = Debug|Any CPU
		{E078A747-59E8-497B-BF05-0284E4CF0898}.Debug|Any CPU.Build.0 = Debug|Any CPU
		{E078A747-59E8-497B-BF05-0284E4CF0898}.Debug|iPhone.ActiveCfg = Debug|Any CPU
		{E078A747-59E8-497B-BF05-0284E4CF0898}.Debug|iPhone.Build.0 = Debug|Any CPU
		{E078A747-59E8-497B-BF05-0284E4CF0898}.Debug|iPhoneSimulator.ActiveCfg = Debug|Any CPU
		{E078A747-59E8-497B-BF05-0284E4CF0898}.Debug|iPhoneSimulator.Build.0 = Debug|Any CPU
		{E078A747-59E8-497B-BF05-0284E4CF0898}.Release|Any CPU.ActiveCfg = Release|Any CPU
		{E078A747-59E8-497B-BF05-0284E4CF0898}.Release|Any CPU.Build.0 = Release|Any CPU
		{E078A747-59E8-497B-BF05-0284E4CF0898}.Release|iPhone.ActiveCfg = Release|Any CPU
		{E078A747-59E8-497B-BF05-0284E4CF0898}.Release|iPhone.Build.0 = Release|Any CPU
		{E078A747-59E8-497B-BF05-0284E4CF0898}.Release|iPhoneSimulator.ActiveCfg = Release|Any CPU
		{E078A747-59E8-497B-BF05-0284E4CF0898}.Release|iPhoneSimulator.Build.0 = Release|Any CPU
	EndGlobalSection
	GlobalSection(SolutionProperties) = preSolution
		HideSolutionNode = FALSE
	EndGlobalSection
	GlobalSection(ExtensibilityGlobals) = postSolution
		SolutionGuid = {4A52C3CC-48BF-479E-9D7A-E796F3D834FA}
	EndGlobalSection
EndGlobal
